
Microsoft Visual Studio Solution File, Format Version 12.00
# Visual Studio 15
VisualStudioVersion = 15.0.27703.2047
MinimumVisualStudioVersion = 10.0.40219.1
Project("{FAE04EC0-301F-11D3-BF4B-00C04F79EFBC}") = "ZSZ.Common", "ZSZ.Common\ZSZ.Common.csproj", "{E738C46C-8FD7-41B8-B4A4-C88265AFA747}"
EndProject
Project("{FAE04EC0-301F-11D3-BF4B-00C04F79EFBC}") = "ZSZ.Tests", "ZSZ.Tests\ZSZ.Tests.csproj", "{AA7888C9-4CEC-4A78-A0BD-FF86740343C8}"
EndProject
Project("{FAE04EC0-301F-11D3-BF4B-00C04F79EFBC}") = "IBLL", "IBLL\IBLL.csproj", "{11FC2229-872F-4B0E-AC6F-FC7600455B4F}"
EndProject
Project("{FAE04EC0-301F-11D3-BF4B-00C04F79EFBC}") = "BLLImpl", "BLLImpl\BLLImpl.csproj", "{3BD7BFA7-2E2C-4F7A-9CD4-673D092BDFF5}"
EndProject
Project("{2150E333-8FDC-42A3-9474-1A3956D46DE8}") = "Test", "Test", "{F75C514B-69AF-458C-B66D-0D1413E85671}"
EndProject
Project("{FAE04EC0-301F-11D3-BF4B-00C04F79EFBC}") = "WebApplication1", "WebApplication1\WebApplication1.csproj", "{1CDA1A25-313B-437A-82F3-76CA31BBE690}"
EndProject
Project("{FAE04EC0-301F-11D3-BF4B-00C04F79EFBC}") = "TestIService", "TestIService\TestIService.csproj", "{E11A13CE-39E3-448F-A665-7EC267060B30}"
EndProject
Project("{FAE04EC0-301F-11D3-BF4B-00C04F79EFBC}") = "TestService", "TestService\TestService.csproj", "{649E4EC0-77F7-4DF4-AAB5-34FA05E71491}"
EndProject
Project("{FAE04EC0-301F-11D3-BF4B-00C04F79EFBC}") = "ZSZ.CommonMVC", "ZSZ.CommonMVC\ZSZ.CommonMVC.csproj", "{B3AE6420-E57D-446B-B868-F7E99341A7BA}"
EndProject
Project("{FAE04EC0-301F-11D3-BF4B-00C04F79EFBC}") = "ModelBinder", "ModelBinder\ModelBinder.csproj", "{F857AF6D-9C8A-4ECA-A1EF-719CBC88EB77}"
EndProject
Project("{FAE04EC0-301F-11D3-BF4B-00C04F79EFBC}") = "ZSZ.Service", "ZSZ.Service\ZSZ.Service.csproj", "{B0C1ADF9-99E6-470C-984D-531BF916783B}"
EndProject
Project("{FAE04EC0-301F-11D3-BF4B-00C04F79EFBC}") = "ZSZ.DTO", "ZSZ.DTO\ZSZ.DTO.csproj", "{7567B08F-C91F-4F8F-9542-F2B362C97ACC}"
EndProject
Project("{FAE04EC0-301F-11D3-BF4B-00C04F79EFBC}") = "ZSZ.IService", "ZSZ.IService\ZSZ.IService.csproj", "{B97E50EF-5DC3-4AC0-ADAB-242FE31A0BD5}"
EndProject
Project("{FAE04EC0-301F-11D3-BF4B-00C04F79EFBC}") = "ZSZ.FrontWeb", "ZSZ.FrontWeb\ZSZ.FrontWeb.csproj", "{30CE7D06-0BAB-4506-A735-4C20D794DB86}"
EndProject
Project("{FAE04EC0-301F-11D3-BF4B-00C04F79EFBC}") = "ZSZ.AdminWeb", "ZSZ.AdminWeb\ZSZ.AdminWeb.csproj", "{9CCCFD55-05B6-4F48-86F3-B1729D0E4D8E}"
EndProject
Global
	GlobalSection(SolutionConfigurationPlatforms) = preSolution
		Debug|Any CPU = Debug|Any CPU
		Release|Any CPU = Release|Any CPU
	EndGlobalSection
	GlobalSection(ProjectConfigurationPlatforms) = postSolution
		{E738C46C-8FD7-41B8-B4A4-C88265AFA747}.Debug|Any CPU.ActiveCfg = Debug|Any CPU
		{E738C46C-8FD7-41B8-B4A4-C88265AFA747}.Debug|Any CPU.Build.0 = Debug|Any CPU
		{E738C46C-8FD7-41B8-B4A4-C88265AFA747}.Release|Any CPU.ActiveCfg = Release|Any CPU
		{E738C46C-8FD7-41B8-B4A4-C88265AFA747}.Release|Any CPU.Build.0 = Release|Any CPU
		{AA7888C9-4CEC-4A78-A0BD-FF86740343C8}.Debug|Any CPU.ActiveCfg = Debug|Any CPU
		{AA7888C9-4CEC-4A78-A0BD-FF86740343C8}.Debug|Any CPU.Build.0 = Debug|Any CPU
		{AA7888C9-4CEC-4A78-A0BD-FF86740343C8}.Release|Any CPU.ActiveCfg = Release|Any CPU
		{AA7888C9-4CEC-4A78-A0BD-FF86740343C8}.Release|Any CPU.Build.0 = Release|Any CPU
		{11FC2229-872F-4B0E-AC6F-FC7600455B4F}.Debug|Any CPU.ActiveCfg = Debug|Any CPU
		{11FC2229-872F-4B0E-AC6F-FC7600455B4F}.Debug|Any CPU.Build.0 = Debug|Any CPU
		{11FC2229-872F-4B0E-AC6F-FC7600455B4F}.Release|Any CPU.ActiveCfg = Release|Any CPU
		{11FC2229-872F-4B0E-AC6F-FC7600455B4F}.Release|Any CPU.Build.0 = Release|Any CPU
		{3BD7BFA7-2E2C-4F7A-9CD4-673D092BDFF5}.Debug|Any CPU.ActiveCfg = Debug|Any CPU
		{3BD7BFA7-2E2C-4F7A-9CD4-673D092BDFF5}.Debug|Any CPU.Build.0 = Debug|Any CPU
		{3BD7BFA7-2E2C-4F7A-9CD4-673D092BDFF5}.Release|Any CPU.ActiveCfg = Release|Any CPU
		{3BD7BFA7-2E2C-4F7A-9CD4-673D092BDFF5}.Release|Any CPU.Build.0 = Release|Any CPU
		{1CDA1A25-313B-437A-82F3-76CA31BBE690}.Debug|Any CPU.ActiveCfg = Debug|Any CPU
		{1CDA1A25-313B-437A-82F3-76CA31BBE690}.Debug|Any CPU.Build.0 = Debug|Any CPU
		{1CDA1A25-313B-437A-82F3-76CA31BBE690}.Release|Any CPU.ActiveCfg = Release|Any CPU
		{1CDA1A25-313B-437A-82F3-76CA31BBE690}.Release|Any CPU.Build.0 = Release|Any CPU
		{E11A13CE-39E3-448F-A665-7EC267060B30}.Debug|Any CPU.ActiveCfg = Debug|Any CPU
		{E11A13CE-39E3-448F-A665-7EC267060B30}.Debug|Any CPU.Build.0 = Debug|Any CPU
		{E11A13CE-39E3-448F-A665-7EC267060B30}.Release|Any CPU.ActiveCfg = Release|Any CPU
		{E11A13CE-39E3-448F-A665-7EC267060B30}.Release|Any CPU.Build.0 = Release|Any CPU
		{649E4EC0-77F7-4DF4-AAB5-34FA05E71491}.Debug|Any CPU.ActiveCfg = Debug|Any CPU
		{649E4EC0-77F7-4DF4-AAB5-34FA05E71491}.Debug|Any CPU.Build.0 = Debug|Any CPU
		{649E4EC0-77F7-4DF4-AAB5-34FA05E71491}.Release|Any CPU.ActiveCfg = Release|Any CPU
		{649E4EC0-77F7-4DF4-AAB5-34FA05E71491}.Release|Any CPU.Build.0 = Release|Any CPU
		{B3AE6420-E57D-446B-B868-F7E99341A7BA}.Debug|Any CPU.ActiveCfg = Debug|Any CPU
		{B3AE6420-E57D-446B-B868-F7E99341A7BA}.Debug|Any CPU.Build.0 = Debug|Any CPU
		{B3AE6420-E57D-446B-B868-F7E99341A7BA}.Release|Any CPU.ActiveCfg = Release|Any CPU
		{B3AE6420-E57D-446B-B868-F7E99341A7BA}.Release|Any CPU.Build.0 = Release|Any CPU
		{F857AF6D-9C8A-4ECA-A1EF-719CBC88EB77}.Debug|Any CPU.ActiveCfg = Debug|Any CPU
		{F857AF6D-9C8A-4ECA-A1EF-719CBC88EB77}.Debug|Any CPU.Build.0 = Debug|Any CPU
		{F857AF6D-9C8A-4ECA-A1EF-719CBC88EB77}.Release|Any CPU.ActiveCfg = Release|Any CPU
		{F857AF6D-9C8A-4ECA-A1EF-719CBC88EB77}.Release|Any CPU.Build.0 = Release|Any CPU
		{B0C1ADF9-99E6-470C-984D-531BF916783B}.Debug|Any CPU.ActiveCfg = Debug|Any CPU
		{B0C1ADF9-99E6-470C-984D-531BF916783B}.Debug|Any CPU.Build.0 = Debug|Any CPU
		{B0C1ADF9-99E6-470C-984D-531BF916783B}.Release|Any CPU.ActiveCfg = Release|Any CPU
		{B0C1ADF9-99E6-470C-984D-531BF916783B}.Release|Any CPU.Build.0 = Release|Any CPU
		{7567B08F-C91F-4F8F-9542-F2B362C97ACC}.Debug|Any CPU.ActiveCfg = Debug|Any CPU
		{7567B08F-C91F-4F8F-9542-F2B362C97ACC}.Debug|Any CPU.Build.0 = Debug|Any CPU
		{7567B08F-C91F-4F8F-9542-F2B362C97ACC}.Release|Any CPU.ActiveCfg = Release|Any CPU
		{7567B08F-C91F-4F8F-9542-F2B362C97ACC}.Release|Any CPU.Build.0 = Release|Any CPU
		{B97E50EF-5DC3-4AC0-ADAB-242FE31A0BD5}.Debug|Any CPU.ActiveCfg = Debug|Any CPU
		{B97E50EF-5DC3-4AC0-ADAB-242FE31A0BD5}.Debug|Any CPU.Build.0 = Debug|Any CPU
		{B97E50EF-5DC3-4AC0-ADAB-242FE31A0BD5}.Release|Any CPU.ActiveCfg = Release|Any CPU
		{B97E50EF-5DC3-4AC0-ADAB-242FE31A0BD5}.Release|Any CPU.Build.0 = Release|Any CPU
		{30CE7D06-0BAB-4506-A735-4C20D794DB86}.Debug|Any CPU.ActiveCfg = Debug|Any CPU
		{30CE7D06-0BAB-4506-A735-4C20D794DB86}.Debug|Any CPU.Build.0 = Debug|Any CPU
		{30CE7D06-0BAB-4506-A735-4C20D794DB86}.Release|Any CPU.ActiveCfg = Release|Any CPU
		{30CE7D06-0BAB-4506-A735-4C20D794DB86}.Release|Any CPU.Build.0 = Release|Any CPU
		{9CCCFD55-05B6-4F48-86F3-B1729D0E4D8E}.Debug|Any CPU.ActiveCfg = Debug|Any CPU
		{9CCCFD55-05B6-4F48-86F3-B1729D0E4D8E}.Debug|Any CPU.Build.0 = Debug|Any CPU
		{9CCCFD55-05B6-4F48-86F3-B1729D0E4D8E}.Release|Any CPU.ActiveCfg = Release|Any CPU
		{9CCCFD55-05B6-4F48-86F3-B1729D0E4D8E}.Release|Any CPU.Build.0 = Release|Any CPU
	EndGlobalSection
	GlobalSection(SolutionProperties) = preSolution
		HideSolutionNode = FALSE
	EndGlobalSection
	GlobalSection(NestedProjects) = preSolution
		{1CDA1A25-313B-437A-82F3-76CA31BBE690} = {F75C514B-69AF-458C-B66D-0D1413E85671}
		{E11A13CE-39E3-448F-A665-7EC267060B30} = {F75C514B-69AF-458C-B66D-0D1413E85671}
		{649E4EC0-77F7-4DF4-AAB5-34FA05E71491} = {F75C514B-69AF-458C-B66D-0D1413E85671}
		{F857AF6D-9C8A-4ECA-A1EF-719CBC88EB77} = {F75C514B-69AF-458C-B66D-0D1413E85671}
	EndGlobalSection
	GlobalSection(ExtensibilityGlobals) = postSolution
		SolutionGuid = {5F3C9DF2-1B48-4B53-B838-35F23F543D83}
	EndGlobalSection
EndGlobal
